
Microsoft Visual Studio Solution File, Format Version 12.00
# Visual Studio Version 16
VisualStudioVersion = 16.0.30804.86
MinimumVisualStudioVersion = 10.0.40219.1
Project("{FAE04EC0-301F-11D3-BF4B-00C04F79EFBC}") = "10122020dzAnketa", "10122020dzAnketa.csproj", "{C8167E5A-401F-4E99-8600-C611F589E151}"
EndProject
Global
	GlobalSection(SolutionConfigurationPlatforms) = preSolution
		Debug|Any CPU = Debug|Any CPU
		Release|Any CPU = Release|Any CPU
	EndGlobalSection
	GlobalSection(ProjectConfigurationPlatforms) = postSolution
		{C8167E5A-401F-4E99-8600-C611F589E151}.Debug|Any CPU.ActiveCfg = Debug|Any CPU
		{C8167E5A-401F-4E99-8600-C611F589E151}.Debug|Any CPU.Build.0 = Debug|Any CPU
		{C8167E5A-401F-4E99-8600-C611F589E151}.Release|Any CPU.ActiveCfg = Release|Any CPU
		{C8167E5A-401F-4E99-8600-C611F589E151}.Release|Any CPU.Build.0 = Release|Any CPU
	EndGlobalSection
	GlobalSection(SolutionProperties) = preSolution
		HideSolutionNode = FALSE
	EndGlobalSection
	GlobalSection(ExtensibilityGlobals) = postSolution
		SolutionGuid = {F171799C-B6A3-4AD0-9F98-A25627291587}
	EndGlobalSection
EndGlobal
